
Microsoft Visual Studio Solution File, Format Version 12.00
# Visual Studio Version 17
VisualStudioVersion = 17.14.36518.9 d17.14
MinimumVisualStudioVersion = 10.0.40219.1
Project("{FAE04EC0-301F-11D3-BF4B-00C04F79EFBC}") = "AssetTrackingSystem", "AssetTrackingSystem\AssetTrackingSystem.csproj", "{2DEE5FE8-14E7-403A-91D0-A0FF4F30ABED}"
EndProject
Global
	GlobalSection(SolutionConfigurationPlatforms) = preSolution
		Debug|Any CPU = Debug|Any CPU
		Release|Any CPU = Release|Any CPU
	EndGlobalSection
	GlobalSection(ProjectConfigurationPlatforms) = postSolution
		{2DEE5FE8-14E7-403A-91D0-A0FF4F30ABED}.Debug|Any CPU.ActiveCfg = Debug|Any CPU
		{2DEE5FE8-14E7-403A-91D0-A0FF4F30ABED}.Debug|Any CPU.Build.0 = Debug|Any CPU
		{2DEE5FE8-14E7-403A-91D0-A0FF4F30ABED}.Release|Any CPU.ActiveCfg = Release|Any CPU
		{2DEE5FE8-14E7-403A-91D0-A0FF4F30ABED}.Release|Any CPU.Build.0 = Release|Any CPU
	EndGlobalSection
	GlobalSection(SolutionProperties) = preSolution
		HideSolutionNode = FALSE
	EndGlobalSection
	GlobalSection(ExtensibilityGlobals) = postSolution
		SolutionGuid = {D858609C-98AB-4C1E-A5D0-187CD0501957}
	EndGlobalSection
EndGlobal
